
Microsoft Visual Studio Solution File, Format Version 12.00
# Visual Studio 15
VisualStudioVersion = 15.0.28307.106
MinimumVisualStudioVersion = 10.0.40219.1
Project("{FAE04EC0-301F-11D3-BF4B-00C04F79EFBC}") = "updates", "updates\updates.csproj", "{7CBF534F-0A59-4C9B-906B-A2BB812C7776}"
EndProject
Global
	GlobalSection(SolutionConfigurationPlatforms) = preSolution
		Debug|Any CPU = Debug|Any CPU
		Debug|x64 = Debug|x64
		Release|Any CPU = Release|Any CPU
		Release|x64 = Release|x64
	EndGlobalSection
	GlobalSection(ProjectConfigurationPlatforms) = postSolution
		{7CBF534F-0A59-4C9B-906B-A2BB812C7776}.Debug|Any CPU.ActiveCfg = Release|Any CPU
		{7CBF534F-0A59-4C9B-906B-A2BB812C7776}.Debug|Any CPU.Build.0 = Release|Any CPU
		{7CBF534F-0A59-4C9B-906B-A2BB812C7776}.Debug|x64.ActiveCfg = Debug|x64
		{7CBF534F-0A59-4C9B-906B-A2BB812C7776}.Debug|x64.Build.0 = Debug|x64
		{7CBF534F-0A59-4C9B-906B-A2BB812C7776}.Release|Any CPU.ActiveCfg = Release|Any CPU
		{7CBF534F-0A59-4C9B-906B-A2BB812C7776}.Release|Any CPU.Build.0 = Release|Any CPU
		{7CBF534F-0A59-4C9B-906B-A2BB812C7776}.Release|x64.ActiveCfg = Release|x64
	EndGlobalSection
	GlobalSection(SolutionProperties) = preSolution
		HideSolutionNode = FALSE
	EndGlobalSection
	GlobalSection(ExtensibilityGlobals) = postSolution
		SolutionGuid = {3056D562-08AE-4694-A4C6-0B122646E43C}
	EndGlobalSection
EndGlobal
